// !$*UTF8*$!
{
	archiveVersion = 1;
	classes = {
	};
	objectVersion = 46;
	objects = {

/* Begin PBXBuildFile section */
		60B432641C16CDE9000C1F37 /* main.m in Sources */ = {isa = PBXBuildFile; fileRef = 60B432631C16CDE9000C1F37 /* main.m */; };
		60B432671C16CDE9000C1F37 /* AppDelegate.m in Sources */ = {isa = PBXBuildFile; fileRef = 60B432661C16CDE9000C1F37 /* AppDelegate.m */; };
		60B4326A1C16CDE9000C1F37 /* ViewController.m in Sources */ = {isa = PBXBuildFile; fileRef = 60B432691C16CDE9000C1F37 /* ViewController.m */; };
		60B4326D1C16CDE9000C1F37 /* Main.storyboard in Resources */ = {isa = PBXBuildFile; fileRef = 60B4326B1C16CDE9000C1F37 /* Main.storyboard */; };
		60B4326F1C16CDE9000C1F37 /* Assets.xcassets in Resources */ = {isa = PBXBuildFile; fileRef = 60B4326E1C16CDE9000C1F37 /* Assets.xcassets */; };
		60B432721C16CDE9000C1F37 /* LaunchScreen.storyboard in Resources */ = {isa = PBXBuildFile; fileRef = 60B432701C16CDE9000C1F37 /* LaunchScreen.storyboard */; };
		60B4327A1C16D013000C1F37 /* AVFoundation.framework in Frameworks */ = {isa = PBXBuildFile; fileRef = 60B432791C16D013000C1F37 /* AVFoundation.framework */; };
		60B4327D1C16D2B9000C1F37 /* CreateQrViewController.m in Sources */ = {isa = PBXBuildFile; fileRef = 60B4327C1C16D2B9000C1F37 /* CreateQrViewController.m */; };
		60B432801C16E394000C1F37 /* ScanQrViewController.m in Sources */ = {isa = PBXBuildFile; fileRef = 60B4327F1C16E394000C1F37 /* ScanQrViewController.m */; };
		60B432831C16E894000C1F37 /* QrCustomView.m in Sources */ = {isa = PBXBuildFile; fileRef = 60B432821C16E894000C1F37 /* QrCustomView.m */; };
/* End PBXBuildFile section */

/* Begin PBXFileReference section */
		60B4325F1C16CDE9000C1F37 /* ScanQrcode.app */ = {isa = PBXFileReference; explicitFileType = wrapper.application; includeInIndex = 0; path = ScanQrcode.app; sourceTree = BUILT_PRODUCTS_DIR; };
		60B432631C16CDE9000C1F37 /* main.m */ = {isa = PBXFileReference; lastKnownFileType = sourcecode.c.objc; path = main.m; sourceTree = "<group>"; };
		60B432651C16CDE9000C1F37 /* AppDelegate.h */ = {isa = PBXFileReference; lastKnownFileType = sourcecode.c.h; path = AppDelegate.h; sourceTree = "<group>"; };
		60B432661C16CDE9000C1F37 /* AppDelegate.m */ = {isa = PBXFileReference; lastKnownFileType = sourcecode.c.objc; path = AppDelegate.m; sourceTree = "<group>"; };
		60B432681C16CDE9000C1F37 /* ViewController.h */ = {isa = PBXFileReference; lastKnownFileType = sourcecode.c.h; path = ViewController.h; sourceTree = "<group>"; };
		60B432691C16CDE9000C1F37 /* ViewController.m */ = {isa = PBXFileReference; lastKnownFileType = sourcecode.c.objc; path = ViewController.m; sourceTree = "<group>"; };
		60B4326C1C16CDE9000C1F37 /* Base */ = {isa = PBXFileReference; lastKnownFileType = file.storyboard; name = Base; path = Base.lproj/Main.storyboard; sourceTree = "<group>"; };
		60B4326E1C16CDE9000C1F37 /* Assets.xcassets */ = {isa = PBXFileReference; lastKnownFileType = folder.assetcatalog; path = Assets.xcassets; sourceTree = "<group>"; };
		60B432711C16CDE9000C1F37 /* Base */ = {isa = PBXFileReference; lastKnownFileType = file.storyboard; name = Base; path = Base.lproj/LaunchScreen.storyboard; sourceTree = "<group>"; };
		60B432731C16CDE9000C1F37 /* Info.plist */ = {isa = PBXFileReference; lastKnownFileType = text.plist.xml; path = Info.plist; sourceTree = "<group>"; };
		60B432791C16D013000C1F37 /* AVFoundation.framework */ = {isa = PBXFileReference; lastKnownFileType = wrapper.framework; name = AVFoundation.framework; path = System/Library/Frameworks/AVFoundation.framework; sourceTree = SDKROOT; };
		60B4327B1C16D2B9000C1F37 /* CreateQrViewController.h */ = {isa = PBXFileReference; fileEncoding = 4; lastKnownFileType = sourcecode.c.h; path = CreateQrViewController.h; sourceTree = "<group>"; };
		60B4327C1C16D2B9000C1F37 /* CreateQrViewController.m */ = {isa = PBXFileReference; fileEncoding = 4; lastKnownFileType = sourcecode.c.objc; path = CreateQrViewController.m; sourceTree = "<group>"; };
		60B4327E1C16E394000C1F37 /* ScanQrViewController.h */ = {isa = PBXFileReference; fileEncoding = 4; lastKnownFileType = sourcecode.c.h; path = ScanQrViewController.h; sourceTree = "<group>"; };
		60B4327F1C16E394000C1F37 /* ScanQrViewController.m */ = {isa = PBXFileReference; fileEncoding = 4; lastKnownFileType = sourcecode.c.objc; path = ScanQrViewController.m; sourceTree = "<group>"; };
		60B432811C16E894000C1F37 /* QrCustomView.h */ = {isa = PBXFileReference; fileEncoding = 4; lastKnownFileType = sourcecode.c.h; path = QrCustomView.h; sourceTree = "<group>"; };
		60B432821C16E894000C1F37 /* QrCustomView.m */ = {isa = PBXFileReference; fileEncoding = 4; lastKnownFileType = sourcecode.c.objc; path = QrCustomView.m; sourceTree = "<group>"; };
/* End PBXFileReference section */

/* Begin PBXFrameworksBuildPhase section */
		60B4325C1C16CDE9000C1F37 /* Frameworks */ = {
			isa = PBXFrameworksBuildPhase;
			buildActionMask = 2147483647;
			files = (
				60B4327A1C16D013000C1F37 /* AVFoundation.framework in Frameworks */,
			);
			runOnlyForDeploymentPostprocessing = 0;
		};
/* End PBXFrameworksBuildPhase section */

/* Begin PBXGroup section */
		60B432561C16CDE9000C1F37 = {
			isa = PBXGroup;
			children = (
				60B432791C16D013000C1F37 /* AVFoundation.framework */,
				60B432611C16CDE9000C1F37 /* ScanQrcode */,
				60B432601C16CDE9000C1F37 /* Products */,
			);
			sourceTree = "<group>";
		};
		60B432601C16CDE9000C1F37 /* Products */ = {
			isa = PBXGroup;
			children = (
				60B4325F1C16CDE9000C1F37 /* ScanQrcode.app */,
			);
			name = Products;
			sourceTree = "<group>";
		};
		60B432611C16CDE9000C1F37 /* ScanQrcode */ = {
			isa = PBXGroup;
			children = (
				60B432651C16CDE9000C1F37 /* AppDelegate.h */,
				60B432661C16CDE9000C1F37 /* AppDelegate.m */,
				60B432681C16CDE9000C1F37 /* ViewController.h */,
				60B432691C16CDE9000C1F37 /* ViewController.m */,
				60B432811C16E894000C1F37 /* QrCustomView.h */,
				60B432821C16E894000C1F37 /* QrCustomView.m */,
				60B4327E1C16E394000C1F37 /* ScanQrViewController.h */,
				60B4327F1C16E394000C1F37 /* ScanQrViewController.m */,
				60B4327B1C16D2B9000C1F37 /* CreateQrViewController.h */,
				60B4327C1C16D2B9000C1F37 /* CreateQrViewController.m */,
				60B4326B1C16CDE9000C1F37 /* Main.storyboard */,
				60B4326E1C16CDE9000C1F37 /* Assets.xcassets */,
				60B432701C16CDE9000C1F37 /* LaunchScreen.storyboard */,
				60B432731C16CDE9000C1F37 /* Info.plist */,
				60B432621C16CDE9000C1F37 /* Supporting Files */,
			);
			path = ScanQrcode;
			sourceTree = "<group>";
		};
		60B432621C16CDE9000C1F37 /* Supporting Files */ = {
			isa = PBXGroup;
			children = (
				60B432631C16CDE9000C1F37 /* main.m */,
			);
			name = "Supporting Files";
			sourceTree = "<group>";
		};
/* End PBXGroup section */

/* Begin PBXNativeTarget section */
		60B4325E1C16CDE9000C1F37 /* ScanQrcode */ = {
			isa = PBXNativeTarget;
			buildConfigurationList = 60B432761C16CDE9000C1F37 /* Build configuration list for PBXNativeTarget "ScanQrcode" */;
			buildPhases = (
				60B4325B1C16CDE9000C1F37 /* Sources */,
				60B4325C1C16CDE9000C1F37 /* Frameworks */,
				60B4325D1C16CDE9000C1F37 /* Resources */,
			);
			buildRules = (
			);
			dependencies = (
			);
			name = ScanQrcode;
			productName = ScanQrcode;
			productReference = 60B4325F1C16CDE9000C1F37 /* ScanQrcode.app */;
			productType = "com.apple.product-type.application";
		};
/* End PBXNativeTarget section */

/* Begin PBXProject section */
		60B432571C16CDE9000C1F37 /* Project object */ = {
			isa = PBXProject;
			attributes = {
				LastUpgradeCheck = 0710;
				ORGANIZATIONNAME = Gencare_Jia;
				TargetAttributes = {
					60B4325E1C16CDE9000C1F37 = {
						CreatedOnToolsVersion = 7.1;
					};
				};
			};
			buildConfigurationList = 60B4325A1C16CDE9000C1F37 /* Build configuration list for PBXProject "ScanQrcode" */;
			compatibilityVersion = "Xcode 3.2";
			developmentRegion = English;
			hasScannedForEncodings = 0;
			knownRegions = (
				en,
				Base,
			);
			mainGroup = 60B432561C16CDE9000C1F37;
			productRefGroup = 60B432601C16CDE9000C1F37 /* Products */;
			projectDirPath = "";
			projectRoot = "";
			targets = (
				60B4325E1C16CDE9000C1F37 /* ScanQrcode */,
			);
		};
/* End PBXProject section */

/* Begin PBXResourcesBuildPhase section */
		60B4325D1C16CDE9000C1F37 /* Resources */ = {
			isa = PBXResourcesBuildPhase;
			buildActionMask = 2147483647;
			files = (
				60B432721C16CDE9000C1F37 /* LaunchScreen.storyboard in Resources */,
				60B4326F1C16CDE9000C1F37 /* Assets.xcassets in Resources */,
				60B4326D1C16CDE9000C1F37 /* Main.storyboard in Resources */,
			);
			runOnlyForDeploymentPostprocessing = 0;
		};
/* End PBXResourcesBuildPhase section */

/* Begin PBXSourcesBuildPhase section */
		60B4325B1C16CDE9000C1F37 /* Sources */ = {
			isa = PBXSourcesBuildPhase;
			buildActionMask = 2147483647;
			files = (
				60B4326A1C16CDE9000C1F37 /* ViewController.m in Sources */,
				60B432801C16E394000C1F37 /* ScanQrViewController.m in Sources */,
				60B4327D1C16D2B9000C1F37 /* CreateQrViewController.m in Sources */,
				60B432671C16CDE9000C1F37 /* AppDelegate.m in Sources */,
				60B432831C16E894000C1F37 /* QrCustomView.m in Sources */,
				60B432641C16CDE9000C1F37 /* main.m in Sources */,
			);
			runOnlyForDeploymentPostprocessing = 0;
		};
/* End PBXSourcesBuildPhase section */

/* Begin PBXVariantGroup section */
		60B4326B1C16CDE9000C1F37 /* Main.storyboard */ = {
			isa = PBXVariantGroup;
			children = (
				60B4326C1C16CDE9000C1F37 /* Base */,
			);
			name = Main.storyboard;
			sourceTree = "<group>";
		};
		60B432701C16CDE9000C1F37 /* LaunchScreen.storyboard */ = {
			isa = PBXVariantGroup;
			children = (
				60B432711C16CDE9000C1F37 /* Base */,
			);
			name = LaunchScreen.storyboard;
			sourceTree = "<group>";
		};
/* End PBXVariantGroup section */

/* Begin XCBuildConfiguration section */
		60B432741C16CDE9000C1F37 /* Debug */ = {
			isa = XCBuildConfiguration;
			buildSettings = {
				ALWAYS_SEARCH_USER_PATHS = NO;
				CLANG_CXX_LANGUAGE_STANDARD = "gnu++0x";
				CLANG_CXX_LIBRARY = "libc++";
				CLANG_ENABLE_MODULES = YES;
				CLANG_ENABLE_OBJC_ARC = YES;
				CLANG_WARN_BOOL_CONVERSION = YES;
				CLANG_WARN_CONSTANT_CONVERSION = YES;
				CLANG_WARN_DIRECT_OBJC_ISA_USAGE = YES_ERROR;
				CLANG_WARN_EMPTY_BODY = YES;
				CLANG_WARN_ENUM_CONVERSION = YES;
				CLANG_WARN_INT_CONVERSION = YES;
				CLANG_WARN_OBJC_ROOT_CLASS = YES_ERROR;
				CLANG_WARN_UNREACHABLE_CODE = YES;
				CLANG_WARN__DUPLICATE_METHOD_MATCH = YES;
				"CODE_SIGN_IDENTITY[sdk=iphoneos*]" = "iPhone Developer";
				COPY_PHASE_STRIP = NO;
				DEBUG_INFORMATION_FORMAT = dwarf;
				ENABLE_STRICT_OBJC_MSGSEND = YES;
				ENABLE_TESTABILITY = YES;
				GCC_C_LANGUAGE_STANDARD = gnu99;
				GCC_DYNAMIC_NO_PIC = NO;
				GCC_NO_COMMON_BLOCKS = YES;
				GCC_OPTIMIZATION_LEVEL = 0;
				GCC_PREPROCESSOR_DEFINITIONS = (
					"DEBUG=1",
					"$(inherited)",
				);
				GCC_WARN_64_TO_32_BIT_CONVERSION = YES;
				GCC_WARN_ABOUT_RETURN_TYPE = YES_ERROR;
				GCC_WARN_UNDECLARED_SELECTOR = YES;
				GCC_WARN_UNINITIALIZED_AUTOS = YES_AGGRESSIVE;
				GCC_WARN_UNUSED_FUNCTION = YES;
				GCC_WARN_UNUSED_VARIABLE = YES;
				IPHONEOS_DEPLOYMENT_TARGET = 7.0;
				MTL_ENABLE_DEBUG_INFO = YES;
				ONLY_ACTIVE_ARCH = YES;
				SDKROOT = iphoneos;
			};
			name = Debug;
		};
		60B432751C16CDE9000C1F37 /* Release */ = {
			isa = XCBuildConfiguration;
			buildSettings = {
				ALWAYS_SEARCH_USER_PATHS = NO;
				CLANG_CXX_LANGUAGE_STANDARD = "gnu++0x";
				CLANG_CXX_LIBRARY = "libc++";
				CLANG_ENABLE_MODULES = YES;
				CLANG_ENABLE_OBJC_ARC = YES;
				CLANG_WARN_BOOL_CONVERSION = YES;
				CLANG_WARN_CONSTANT_CONVERSION = YES;
				CLANG_WARN_DIRECT_OBJC_ISA_USAGE = YES_ERROR;
				CLANG_WARN_EMPTY_BODY = YES;
				CLANG_WARN_ENUM_CONVERSION = YES;
				CLANG_WARN_INT_CONVERSION = YES;
				CLANG_WARN_OBJC_ROOT_CLASS = YES_ERROR;
				CLANG_WARN_UNREACHABLE_CODE = YES;
				CLANG_WARN__DUPLICATE_METHOD_MATCH = YES;
				"CODE_SIGN_IDENTITY[sdk=iphoneos*]" = "iPhone Developer";
				COPY_PHASE_STRIP = NO;
				DEBUG_INFORMATION_FORMAT = "dwarf-with-dsym";
				ENABLE_NS_ASSERTIONS = NO;
				ENABLE_STRICT_OBJC_MSGSEND = YES;
				GCC_C_LANGUAGE_STANDARD = gnu99;
				GCC_NO_COMMON_BLOCKS = YES;
				GCC_WARN_64_TO_32_BIT_CONVERSION = YES;
				GCC_WARN_ABOUT_RETURN_TYPE = YES_ERROR;
				GCC_WARN_UNDECLARED_SELECTOR = YES;
				GCC_WARN_UNINITIALIZED_AUTOS = YES_AGGRESSIVE;
				GCC_WARN_UNUSED_FUNCTION = YES;
				GCC_WARN_UNUSED_VARIABLE = YES;
				IPHONEOS_DEPLOYMENT_TARGET = 7.0;
				MTL_ENABLE_DEBUG_INFO = NO;
				SDKROOT = iphoneos;
				VALIDATE_PRODUCT = YES;
			};
			name = Release;
		};
		60B432771C16CDE9000C1F37 /* Debug */ = {
			isa = XCBuildConfiguration;
			buildSettings = {
				ASSETCATALOG_COMPILER_APPICON_NAME = AppIcon;
				INFOPLIST_FILE = ScanQrcode/Info.plist;
				IPHONEOS_DEPLOYMENT_TARGET = 7.0;
				LD_RUNPATH_SEARCH_PATHS = "$(inherited) @executable_path/Frameworks";
				PRODUCT_BUNDLE_IDENTIFIER = com.gencare.ScanQrcode;
				PRODUCT_NAME = "$(TARGET_NAME)";
			};
			name = Debug;
		};
		60B432781C16CDE9000C1F37 /* Release */ = {
			isa = XCBuildConfiguration;
			buildSettings = {
				ASSETCATALOG_COMPILER_APPICON_NAME = AppIcon;
				INFOPLIST_FILE = ScanQrcode/Info.plist;
				IPHONEOS_DEPLOYMENT_TARGET = 7.0;
				LD_RUNPATH_SEARCH_PATHS = "$(inherited) @executable_path/Frameworks";
				PRODUCT_BUNDLE_IDENTIFIER = com.gencare.ScanQrcode;
				PRODUCT_NAME = "$(TARGET_NAME)";
			};
			name = Release;
		};
/* End XCBuildConfiguration section */

/* Begin XCConfigurationList section */
		60B4325A1C16CDE9000C1F37 /* Build configuration list for PBXProject "ScanQrcode" */ = {
			isa = XCConfigurationList;
			buildConfigurations = (
				60B432741C16CDE9000C1F37 /* Debug */,
				60B432751C16CDE9000C1F37 /* Release */,
			);
			defaultConfigurationIsVisible = 0;
			defaultConfigurationName = Release;
		};
		60B432761C16CDE9000C1F37 /* Build configuration list for PBXNativeTarget "ScanQrcode" */ = {
			isa = XCConfigurationList;
			buildConfigurations = (
				60B432771C16CDE9000C1F37 /* Debug */,
				60B432781C16CDE9000C1F37 /* Release */,
			);
			defaultConfigurationIsVisible = 0;
		};
/* End XCConfigurationList section */
	};
	rootObject = 60B432571C16CDE9000C1F37 /* Project object */;
}
